// !$*UTF8*$!
{
	archiveVersion = 1;
	classes = {
	};
	objectVersion = 46;
	objects = {

/* Begin PBXBuildFile section */
		796867511E0DEA64008C596E /* AppDelegate.swift in Sources */ = {isa = PBXBuildFile; fileRef = 796867501E0DEA64008C596E /* AppDelegate.swift */; };
		796867531E0DEA64008C596E /* RecordSoundsViewController.swift in Sources */ = {isa = PBXBuildFile; fileRef = 796867521E0DEA64008C596E /* RecordSoundsViewController.swift */; };
		796867561E0DEA64008C596E /* Main.storyboard in Resources */ = {isa = PBXBuildFile; fileRef = 796867541E0DEA64008C596E /* Main.storyboard */; };
		796867581E0DEA64008C596E /* Assets.xcassets in Resources */ = {isa = PBXBuildFile; fileRef = 796867571E0DEA64008C596E /* Assets.xcassets */; };
		7968675B1E0DEA64008C596E /* LaunchScreen.storyboard in Resources */ = {isa = PBXBuildFile; fileRef = 796867591E0DEA64008C596E /* LaunchScreen.storyboard */; };
		796867661E0DEA64008C596E /* PitchPerfectTests.swift in Sources */ = {isa = PBXBuildFile; fileRef = 796867651E0DEA64008C596E /* PitchPerfectTests.swift */; };
		796867711E0DEA65008C596E /* PitchPerfectUITests.swift in Sources */ = {isa = PBXBuildFile; fileRef = 796867701E0DEA65008C596E /* PitchPerfectUITests.swift */; };
		7968677F1E0F2085008C596E /* PlaySoundsViewController.swift in Sources */ = {isa = PBXBuildFile; fileRef = 7968677E1E0F2085008C596E /* PlaySoundsViewController.swift */; };
		79BDACCC1E0F455A00A02309 /* playsoundsviewcontroller-audio.swift in Sources */ = {isa = PBXBuildFile; fileRef = 79BDACCB1E0F455A00A02309 /* playsoundsviewcontroller-audio.swift */; };
/* End PBXBuildFile section */

/* Begin PBXContainerItemProxy section */
		796867621E0DEA64008C596E /* PBXContainerItemProxy */ = {
			isa = PBXContainerItemProxy;
			containerPortal = 796867451E0DEA64008C596E /* Project object */;
			proxyType = 1;
			remoteGlobalIDString = 7968674C1E0DEA64008C596E;
			remoteInfo = PitchPerfect;
		};
		7968676D1E0DEA64008C596E /* PBXContainerItemProxy */ = {
			isa = PBXContainerItemProxy;
			containerPortal = 796867451E0DEA64008C596E /* Project object */;
			proxyType = 1;
			remoteGlobalIDString = 7968674C1E0DEA64008C596E;
			remoteInfo = PitchPerfect;
		};
/* End PBXContainerItemProxy section */

/* Begin PBXFileReference section */
		7968674D1E0DEA64008C596E /* PitchPerfect.app */ = {isa = PBXFileReference; explicitFileType = wrapper.application; includeInIndex = 0; path = PitchPerfect.app; sourceTree = BUILT_PRODUCTS_DIR; };
		796867501E0DEA64008C596E /* AppDelegate.swift */ = {isa = PBXFileReference; lastKnownFileType = sourcecode.swift; path = AppDelegate.swift; sourceTree = "<group>"; };
		796867521E0DEA64008C596E /* RecordSoundsViewController.swift */ = {isa = PBXFileReference; lastKnownFileType = sourcecode.swift; path = RecordSoundsViewController.swift; sourceTree = "<group>"; };
		796867551E0DEA64008C596E /* Base */ = {isa = PBXFileReference; lastKnownFileType = file.storyboard; name = Base; path = Base.lproj/Main.storyboard; sourceTree = "<group>"; };
		796867571E0DEA64008C596E /* Assets.xcassets */ = {isa = PBXFileReference; lastKnownFileType = folder.assetcatalog; path = Assets.xcassets; sourceTree = "<group>"; };
		7968675A1E0DEA64008C596E /* Base */ = {isa = PBXFileReference; lastKnownFileType = file.storyboard; name = Base; path = Base.lproj/LaunchScreen.storyboard; sourceTree = "<group>"; };
		7968675C1E0DEA64008C596E /* Info.plist */ = {isa = PBXFileReference; lastKnownFileType = text.plist.xml; path = Info.plist; sourceTree = "<group>"; };
		796867611E0DEA64008C596E /* PitchPerfectTests.xctest */ = {isa = PBXFileReference; explicitFileType = wrapper.cfbundle; includeInIndex = 0; path = PitchPerfectTests.xctest; sourceTree = BUILT_PRODUCTS_DIR; };
		796867651E0DEA64008C596E /* PitchPerfectTests.swift */ = {isa = PBXFileReference; lastKnownFileType = sourcecode.swift; path = PitchPerfectTests.swift; sourceTree = "<group>"; };
		796867671E0DEA64008C596E /* Info.plist */ = {isa = PBXFileReference; lastKnownFileType = text.plist.xml; path = Info.plist; sourceTree = "<group>"; };
		7968676C1E0DEA64008C596E /* PitchPerfectUITests.xctest */ = {isa = PBXFileReference; explicitFileType = wrapper.cfbundle; includeInIndex = 0; path = PitchPerfectUITests.xctest; sourceTree = BUILT_PRODUCTS_DIR; };
		796867701E0DEA65008C596E /* PitchPerfectUITests.swift */ = {isa = PBXFileReference; lastKnownFileType = sourcecode.swift; path = PitchPerfectUITests.swift; sourceTree = "<group>"; };
		796867721E0DEA65008C596E /* Info.plist */ = {isa = PBXFileReference; lastKnownFileType = text.plist.xml; path = Info.plist; sourceTree = "<group>"; };
		7968677E1E0F2085008C596E /* PlaySoundsViewController.swift */ = {isa = PBXFileReference; fileEncoding = 4; lastKnownFileType = sourcecode.swift; path = PlaySoundsViewController.swift; sourceTree = "<group>"; };
		79BDACCB1E0F455A00A02309 /* playsoundsviewcontroller-audio.swift */ = {isa = PBXFileReference; fileEncoding = 4; lastKnownFileType = sourcecode.swift; path = "playsoundsviewcontroller-audio.swift"; sourceTree = "<group>"; };
/* End PBXFileReference section */

/* Begin PBXFrameworksBuildPhase section */
		7968674A1E0DEA64008C596E /* Frameworks */ = {
			isa = PBXFrameworksBuildPhase;
			buildActionMask = 2147483647;
			files = (
			);
			runOnlyForDeploymentPostprocessing = 0;
		};
		7968675E1E0DEA64008C596E /* Frameworks */ = {
			isa = PBXFrameworksBuildPhase;
			buildActionMask = 2147483647;
			files = (
			);
			runOnlyForDeploymentPostprocessing = 0;
		};
		796867691E0DEA64008C596E /* Frameworks */ = {
			isa = PBXFrameworksBuildPhase;
			buildActionMask = 2147483647;
			files = (
			);
			runOnlyForDeploymentPostprocessing = 0;
		};
/* End PBXFrameworksBuildPhase section */

/* Begin PBXGroup section */
		796867441E0DEA64008C596E = {
			isa = PBXGroup;
			children = (
				7968674F1E0DEA64008C596E /* PitchPerfect */,
				796867641E0DEA64008C596E /* PitchPerfectTests */,
				7968676F1E0DEA65008C596E /* PitchPerfectUITests */,
				7968674E1E0DEA64008C596E /* Products */,
			);
			sourceTree = "<group>";
		};
		7968674E1E0DEA64008C596E /* Products */ = {
			isa = PBXGroup;
			children = (
				7968674D1E0DEA64008C596E /* PitchPerfect.app */,
				796867611E0DEA64008C596E /* PitchPerfectTests.xctest */,
				7968676C1E0DEA64008C596E /* PitchPerfectUITests.xctest */,
			);
			name = Products;
			sourceTree = "<group>";
		};
		7968674F1E0DEA64008C596E /* PitchPerfect */ = {
			isa = PBXGroup;
			children = (
				796867501E0DEA64008C596E /* AppDelegate.swift */,
				796867521E0DEA64008C596E /* RecordSoundsViewController.swift */,
				796867541E0DEA64008C596E /* Main.storyboard */,
				79BDACCB1E0F455A00A02309 /* playsoundsviewcontroller-audio.swift */,
				796867571E0DEA64008C596E /* Assets.xcassets */,
				796867591E0DEA64008C596E /* LaunchScreen.storyboard */,
				7968675C1E0DEA64008C596E /* Info.plist */,
				7968677E1E0F2085008C596E /* PlaySoundsViewController.swift */,
			);
			path = PitchPerfect;
			sourceTree = "<group>";
		};
		796867641E0DEA64008C596E /* PitchPerfectTests */ = {
			isa = PBXGroup;
			children = (
				796867651E0DEA64008C596E /* PitchPerfectTests.swift */,
				796867671E0DEA64008C596E /* Info.plist */,
			);
			path = PitchPerfectTests;
			sourceTree = "<group>";
		};
		7968676F1E0DEA65008C596E /* PitchPerfectUITests */ = {
			isa = PBXGroup;
			children = (
				796867701E0DEA65008C596E /* PitchPerfectUITests.swift */,
				796867721E0DEA65008C596E /* Info.plist */,
			);
			path = PitchPerfectUITests;
			sourceTree = "<group>";
		};
/* End PBXGroup section */

/* Begin PBXNativeTarget section */
		7968674C1E0DEA64008C596E /* PitchPerfect */ = {
			isa = PBXNativeTarget;
			buildConfigurationList = 796867751E0DEA65008C596E /* Build configuration list for PBXNativeTarget "PitchPerfect" */;
			buildPhases = (
				796867491E0DEA64008C596E /* Sources */,
				7968674A1E0DEA64008C596E /* Frameworks */,
				7968674B1E0DEA64008C596E /* Resources */,
			);
			buildRules = (
			);
			dependencies = (
			);
			name = PitchPerfect;
			productName = PitchPerfect;
			productReference = 7968674D1E0DEA64008C596E /* PitchPerfect.app */;
			productType = "com.apple.product-type.application";
		};
		796867601E0DEA64008C596E /* PitchPerfectTests */ = {
			isa = PBXNativeTarget;
			buildConfigurationList = 796867781E0DEA65008C596E /* Build configuration list for PBXNativeTarget "PitchPerfectTests" */;
			buildPhases = (
				7968675D1E0DEA64008C596E /* Sources */,
				7968675E1E0DEA64008C596E /* Frameworks */,
				7968675F1E0DEA64008C596E /* Resources */,
			);
			buildRules = (
			);
			dependencies = (
				796867631E0DEA64008C596E /* PBXTargetDependency */,
			);
			name = PitchPerfectTests;
			productName = PitchPerfectTests;
			productReference = 796867611E0DEA64008C596E /* PitchPerfectTests.xctest */;
			productType = "com.apple.product-type.bundle.unit-test";
		};
		7968676B1E0DEA64008C596E /* PitchPerfectUITests */ = {
			isa = PBXNativeTarget;
			buildConfigurationList = 7968677B1E0DEA65008C596E /* Build configuration list for PBXNativeTarget "PitchPerfectUITests" */;
			buildPhases = (
				796867681E0DEA64008C596E /* Sources */,
				796867691E0DEA64008C596E /* Frameworks */,
				7968676A1E0DEA64008C596E /* Resources */,
			);
			buildRules = (
			);
			dependencies = (
				7968676E1E0DEA64008C596E /* PBXTargetDependency */,
			);
			name = PitchPerfectUITests;
			productName = PitchPerfectUITests;
			productReference = 7968676C1E0DEA64008C596E /* PitchPerfectUITests.xctest */;
			productType = "com.apple.product-type.bundle.ui-testing";
		};
/* End PBXNativeTarget section */

/* Begin PBXProject section */
		796867451E0DEA64008C596E /* Project object */ = {
			isa = PBXProject;
			attributes = {
				LastSwiftUpdateCheck = 0820;
				LastUpgradeCheck = 0820;
				ORGANIZATIONNAME = "Ramiro Trejo";
				TargetAttributes = {
					7968674C1E0DEA64008C596E = {
						CreatedOnToolsVersion = 8.2.1;
						ProvisioningStyle = Automatic;
					};
					796867601E0DEA64008C596E = {
						CreatedOnToolsVersion = 8.2.1;
						ProvisioningStyle = Automatic;
						TestTargetID = 7968674C1E0DEA64008C596E;
					};
					7968676B1E0DEA64008C596E = {
						CreatedOnToolsVersion = 8.2.1;
						ProvisioningStyle = Automatic;
						TestTargetID = 7968674C1E0DEA64008C596E;
					};
				};
			};
			buildConfigurationList = 796867481E0DEA64008C596E /* Build configuration list for PBXProject "PitchPerfect" */;
			compatibilityVersion = "Xcode 3.2";
			developmentRegion = English;
			hasScannedForEncodings = 0;
			knownRegions = (
				en,
				Base,
			);
			mainGroup = 796867441E0DEA64008C596E;
			productRefGroup = 7968674E1E0DEA64008C596E /* Products */;
			projectDirPath = "";
			projectRoot = "";
			targets = (
				7968674C1E0DEA64008C596E /* PitchPerfect */,
				796867601E0DEA64008C596E /* PitchPerfectTests */,
				7968676B1E0DEA64008C596E /* PitchPerfectUITests */,
			);
		};
/* End PBXProject section */

/* Begin PBXResourcesBuildPhase section */
		7968674B1E0DEA64008C596E /* Resources */ = {
			isa = PBXResourcesBuildPhase;
			buildActionMask = 2147483647;
			files = (
				7968675B1E0DEA64008C596E /* LaunchScreen.storyboard in Resources */,
				796867581E0DEA64008C596E /* Assets.xcassets in Resources */,
				796867561E0DEA64008C596E /* Main.storyboard in Resources */,
			);
			runOnlyForDeploymentPostprocessing = 0;
		};
		7968675F1E0DEA64008C596E /* Resources */ = {
			isa = PBXResourcesBuildPhase;
			buildActionMask = 2147483647;
			files = (
			);
			runOnlyForDeploymentPostprocessing = 0;
		};
		7968676A1E0DEA64008C596E /* Resources */ = {
			isa = PBXResourcesBuildPhase;
			buildActionMask = 2147483647;
			files = (
			);
			runOnlyForDeploymentPostprocessing = 0;
		};
/* End PBXResourcesBuildPhase section */

/* Begin PBXSourcesBuildPhase section */
		796867491E0DEA64008C596E /* Sources */ = {
			isa = PBXSourcesBuildPhase;
			buildActionMask = 2147483647;
			files = (
				796867531E0DEA64008C596E /* RecordSoundsViewController.swift in Sources */,
				7968677F1E0F2085008C596E /* PlaySoundsViewController.swift in Sources */,
				796867511E0DEA64008C596E /* AppDelegate.swift in Sources */,
				79BDACCC1E0F455A00A02309 /* playsoundsviewcontroller-audio.swift in Sources */,
			);
			runOnlyForDeploymentPostprocessing = 0;
		};
		7968675D1E0DEA64008C596E /* Sources */ = {
			isa = PBXSourcesBuildPhase;
			buildActionMask = 2147483647;
			files = (
				796867661E0DEA64008C596E /* PitchPerfectTests.swift in Sources */,
			);
			runOnlyForDeploymentPostprocessing = 0;
		};
		796867681E0DEA64008C596E /* Sources */ = {
			isa = PBXSourcesBuildPhase;
			buildActionMask = 2147483647;
			files = (
				796867711E0DEA65008C596E /* PitchPerfectUITests.swift in Sources */,
			);
			runOnlyForDeploymentPostprocessing = 0;
		};
/* End PBXSourcesBuildPhase section */

/* Begin PBXTargetDependency section */
		796867631E0DEA64008C596E /* PBXTargetDependency */ = {
			isa = PBXTargetDependency;
			target = 7968674C1E0DEA64008C596E /* PitchPerfect */;
			targetProxy = 796867621E0DEA64008C596E /* PBXContainerItemProxy */;
		};
		7968676E1E0DEA64008C596E /* PBXTargetDependency */ = {
			isa = PBXTargetDependency;
			target = 7968674C1E0DEA64008C596E /* PitchPerfect */;
			targetProxy = 7968676D1E0DEA64008C596E /* PBXContainerItemProxy */;
		};
/* End PBXTargetDependency section */

/* Begin PBXVariantGroup section */
		796867541E0DEA64008C596E /* Main.storyboard */ = {
			isa = PBXVariantGroup;
			children = (
				796867551E0DEA64008C596E /* Base */,
			);
			name = Main.storyboard;
			sourceTree = "<group>";
		};
		796867591E0DEA64008C596E /* LaunchScreen.storyboard */ = {
			isa = PBXVariantGroup;
			children = (
				7968675A1E0DEA64008C596E /* Base */,
			);
			name = LaunchScreen.storyboard;
			sourceTree = "<group>";
		};
/* End PBXVariantGroup section */

/* Begin XCBuildConfiguration section */
		796867731E0DEA65008C596E /* Debug */ = {
			isa = XCBuildConfiguration;
			buildSettings = {
				ALWAYS_SEARCH_USER_PATHS = NO;
				CLANG_ANALYZER_NONNULL = YES;
				CLANG_CXX_LANGUAGE_STANDARD = "gnu++0x";
				CLANG_CXX_LIBRARY = "libc++";
				CLANG_ENABLE_MODULES = YES;
				CLANG_ENABLE_OBJC_ARC = YES;
				CLANG_WARN_BOOL_CONVERSION = YES;
				CLANG_WARN_CONSTANT_CONVERSION = YES;
				CLANG_WARN_DIRECT_OBJC_ISA_USAGE = YES_ERROR;
				CLANG_WARN_DOCUMENTATION_COMMENTS = YES;
				CLANG_WARN_EMPTY_BODY = YES;
				CLANG_WARN_ENUM_CONVERSION = YES;
				CLANG_WARN_INFINITE_RECURSION = YES;
				CLANG_WARN_INT_CONVERSION = YES;
				CLANG_WARN_OBJC_ROOT_CLASS = YES_ERROR;
				CLANG_WARN_SUSPICIOUS_MOVE = YES;
				CLANG_WARN_UNREACHABLE_CODE = YES;
				CLANG_WARN__DUPLICATE_METHOD_MATCH = YES;
				"CODE_SIGN_IDENTITY[sdk=iphoneos*]" = "iPhone Developer";
				COPY_PHASE_STRIP = NO;
				DEBUG_INFORMATION_FORMAT = dwarf;
				ENABLE_STRICT_OBJC_MSGSEND = YES;
				ENABLE_TESTABILITY = YES;
				GCC_C_LANGUAGE_STANDARD = gnu99;
				GCC_DYNAMIC_NO_PIC = NO;
				GCC_NO_COMMON_BLOCKS = YES;
				GCC_OPTIMIZATION_LEVEL = 0;
				GCC_PREPROCESSOR_DEFINITIONS = (
					"DEBUG=1",
					"$(inherited)",
				);
				GCC_WARN_64_TO_32_BIT_CONVERSION = YES;
				GCC_WARN_ABOUT_RETURN_TYPE = YES_ERROR;
				GCC_WARN_UNDECLARED_SELECTOR = YES;
				GCC_WARN_UNINITIALIZED_AUTOS = YES_AGGRESSIVE;
				GCC_WARN_UNUSED_FUNCTION = YES;
				GCC_WARN_UNUSED_VARIABLE = YES;
				IPHONEOS_DEPLOYMENT_TARGET = 10.2;
				MTL_ENABLE_DEBUG_INFO = YES;
				ONLY_ACTIVE_ARCH = YES;
				SDKROOT = iphoneos;
				SWIFT_ACTIVE_COMPILATION_CONDITIONS = DEBUG;
				SWIFT_OPTIMIZATION_LEVEL = "-Onone";
				TARGETED_DEVICE_FAMILY = "1,2";
			};
			name = Debug;
		};
		796867741E0DEA65008C596E /* Release */ = {
			isa = XCBuildConfiguration;
			buildSettings = {
				ALWAYS_SEARCH_USER_PATHS = NO;
				CLANG_ANALYZER_NONNULL = YES;
				CLANG_CXX_LANGUAGE_STANDARD = "gnu++0x";
				CLANG_CXX_LIBRARY = "libc++";
				CLANG_ENABLE_MODULES = YES;
				CLANG_ENABLE_OBJC_ARC = YES;
				CLANG_WARN_BOOL_CONVERSION = YES;
				CLANG_WARN_CONSTANT_CONVERSION = YES;
				CLANG_WARN_DIRECT_OBJC_ISA_USAGE = YES_ERROR;
				CLANG_WARN_DOCUMENTATION_COMMENTS = YES;
				CLANG_WARN_EMPTY_BODY = YES;
				CLANG_WARN_ENUM_CONVERSION = YES;
				CLANG_WARN_INFINITE_RECURSION = YES;
				CLANG_WARN_INT_CONVERSION = YES;
				CLANG_WARN_OBJC_ROOT_CLASS = YES_ERROR;
				CLANG_WARN_SUSPICIOUS_MOVE = YES;
				CLANG_WARN_UNREACHABLE_CODE = YES;
				CLANG_WARN__DUPLICATE_METHOD_MATCH = YES;
				"CODE_SIGN_IDENTITY[sdk=iphoneos*]" = "iPhone Developer";
				COPY_PHASE_STRIP = NO;
				DEBUG_INFORMATION_FORMAT = "dwarf-with-dsym";
				ENABLE_NS_ASSERTIONS = NO;
				ENABLE_STRICT_OBJC_MSGSEND = YES;
				GCC_C_LANGUAGE_STANDARD = gnu99;
				GCC_NO_COMMON_BLOCKS = YES;
				GCC_WARN_64_TO_32_BIT_CONVERSION = YES;
				GCC_WARN_ABOUT_RETURN_TYPE = YES_ERROR;
				GCC_WARN_UNDECLARED_SELECTOR = YES;
				GCC_WARN_UNINITIALIZED_AUTOS = YES_AGGRESSIVE;
				GCC_WARN_UNUSED_FUNCTION = YES;
				GCC_WARN_UNUSED_VARIABLE = YES;
				IPHONEOS_DEPLOYMENT_TARGET = 10.2;
				MTL_ENABLE_DEBUG_INFO = NO;
				SDKROOT = iphoneos;
				SWIFT_OPTIMIZATION_LEVEL = "-Owholemodule";
				TARGETED_DEVICE_FAMILY = "1,2";
				VALIDATE_PRODUCT = YES;
			};
			name = Release;
		};
		796867761E0DEA65008C596E /* Debug */ = {
			isa = XCBuildConfiguration;
			buildSettings = {
				ASSETCATALOG_COMPILER_APPICON_NAME = AppIcon;
				INFOPLIST_FILE = PitchPerfect/Info.plist;
				LD_RUNPATH_SEARCH_PATHS = "$(inherited) @executable_path/Frameworks";
				PRODUCT_BUNDLE_IDENTIFIER = trejoramiro.PitchPerfect;
				PRODUCT_NAME = "$(TARGET_NAME)";
				SWIFT_VERSION = 3.0;
			};
			name = Debug;
		};
		796867771E0DEA65008C596E /* Release */ = {
			isa = XCBuildConfiguration;
			buildSettings = {
				ASSETCATALOG_COMPILER_APPICON_NAME = AppIcon;
				INFOPLIST_FILE = PitchPerfect/Info.plist;
				LD_RUNPATH_SEARCH_PATHS = "$(inherited) @executable_path/Frameworks";
				PRODUCT_BUNDLE_IDENTIFIER = trejoramiro.PitchPerfect;
				PRODUCT_NAME = "$(TARGET_NAME)";
				SWIFT_VERSION = 3.0;
			};
			name = Release;
		};
		796867791E0DEA65008C596E /* Debug */ = {
			isa = XCBuildConfiguration;
			buildSettings = {
				ALWAYS_EMBED_SWIFT_STANDARD_LIBRARIES = YES;
				BUNDLE_LOADER = "$(TEST_HOST)";
				INFOPLIST_FILE = PitchPerfectTests/Info.plist;
				LD_RUNPATH_SEARCH_PATHS = "$(inherited) @executable_path/Frameworks @loader_path/Frameworks";
				PRODUCT_BUNDLE_IDENTIFIER = trejoramiro.PitchPerfectTests;
				PRODUCT_NAME = "$(TARGET_NAME)";
				SWIFT_VERSION = 3.0;
				TEST_HOST = "$(BUILT_PRODUCTS_DIR)/PitchPerfect.app/PitchPerfect";
			};
			name = Debug;
		};
		7968677A1E0DEA65008C596E /* Release */ = {
			isa = XCBuildConfiguration;
			buildSettings = {
				ALWAYS_EMBED_SWIFT_STANDARD_LIBRARIES = YES;
				BUNDLE_LOADER = "$(TEST_HOST)";
				INFOPLIST_FILE = PitchPerfectTests/Info.plist;
				LD_RUNPATH_SEARCH_PATHS = "$(inherited) @executable_path/Frameworks @loader_path/Frameworks";
				PRODUCT_BUNDLE_IDENTIFIER = trejoramiro.PitchPerfectTests;
				PRODUCT_NAME = "$(TARGET_NAME)";
				SWIFT_VERSION = 3.0;
				TEST_HOST = "$(BUILT_PRODUCTS_DIR)/PitchPerfect.app/PitchPerfect";
			};
			name = Release;
		};
		7968677C1E0DEA65008C596E /* Debug */ = {
			isa = XCBuildConfiguration;
			buildSettings = {
				ALWAYS_EMBED_SWIFT_STANDARD_LIBRARIES = YES;
				INFOPLIST_FILE = PitchPerfectUITests/Info.plist;
				LD_RUNPATH_SEARCH_PATHS = "$(inherited) @executable_path/Frameworks @loader_path/Frameworks";
				PRODUCT_BUNDLE_IDENTIFIER = trejoramiro.PitchPerfectUITests;
				PRODUCT_NAME = "$(TARGET_NAME)";
				SWIFT_VERSION = 3.0;
				TEST_TARGET_NAME = PitchPerfect;
			};
			name = Debug;
		};
		7968677D1E0DEA65008C596E /* Release */ = {
			isa = XCBuildConfiguration;
			buildSettings = {
				ALWAYS_EMBED_SWIFT_STANDARD_LIBRARIES = YES;
				INFOPLIST_FILE = PitchPerfectUITests/Info.plist;
				LD_RUNPATH_SEARCH_PATHS = "$(inherited) @executable_path/Frameworks @loader_path/Frameworks";
				PRODUCT_BUNDLE_IDENTIFIER = trejoramiro.PitchPerfectUITests;
				PRODUCT_NAME = "$(TARGET_NAME)";
				SWIFT_VERSION = 3.0;
				TEST_TARGET_NAME = PitchPerfect;
			};
			name = Release;
		};
/* End XCBuildConfiguration section */

/* Begin XCConfigurationList section */
		796867481E0DEA64008C596E /* Build configuration list for PBXProject "PitchPerfect" */ = {
			isa = XCConfigurationList;
			buildConfigurations = (
				796867731E0DEA65008C596E /* Debug */,
				796867741E0DEA65008C596E /* Release */,
			);
			defaultConfigurationIsVisible = 0;
			defaultConfigurationName = Release;
		};
		796867751E0DEA65008C596E /* Build configuration list for PBXNativeTarget "PitchPerfect" */ = {
			isa = XCConfigurationList;
			buildConfigurations = (
				796867761E0DEA65008C596E /* Debug */,
				796867771E0DEA65008C596E /* Release */,
			);
			defaultConfigurationIsVisible = 0;
			defaultConfigurationName = Release;
		};
		796867781E0DEA65008C596E /* Build configuration list for PBXNativeTarget "PitchPerfectTests" */ = {
			isa = XCConfigurationList;
			buildConfigurations = (
				796867791E0DEA65008C596E /* Debug */,
				7968677A1E0DEA65008C596E /* Release */,
			);
			defaultConfigurationIsVisible = 0;
			defaultConfigurationName = Release;
		};
		7968677B1E0DEA65008C596E /* Build configuration list for PBXNativeTarget "PitchPerfectUITests" */ = {
			isa = XCConfigurationList;
			buildConfigurations = (
				7968677C1E0DEA65008C596E /* Debug */,
				7968677D1E0DEA65008C596E /* Release */,
			);
			defaultConfigurationIsVisible = 0;
			defaultConfigurationName = Release;
		};
/* End XCConfigurationList section */
	};
	rootObject = 796867451E0DEA64008C596E /* Project object */;
}
